{
  "name": "whiskey-util",
  "version": "1.0.5",
  "lockfileVersion": 3,
  "requires": true,
  "packages": {
    "": {
      "name": "whiskey-util",
      "version": "1.0.5",
      "license": "ISC",
      "dependencies": {
        "whiskey-log": "^1.0.0"
      }
    },
    "node_modules/whiskey-log": {
      "version": "1.0.5",
      "resolved": "https://registry.npmjs.org/whiskey-log/-/whiskey-log-1.0.5.tgz",
      "integrity": "sha512-HutqxKdfUYbXt+I8S5wSOpyz3aswxeI7cyqb2zA7f8WhB8FHv37OVCNnpK9ZOcs6jZolp+KUgIGyHJysSfJ/hw=="
    }
  }
}
