{
  "name": "whiskey-util",
  "version": "1.0.3",
  "lockfileVersion": 3,
  "requires": true,
  "packages": {
    "": {
      "name": "whiskey-util",
      "version": "1.0.3",
      "license": "ISC",
      "dependencies": {
        "whiskey-log": "^1.0.0"
      }
    },
    "node_modules/whiskey-log": {
      "version": "1.0.4",
      "resolved": "https://registry.npmjs.org/whiskey-log/-/whiskey-log-1.0.4.tgz",
      "integrity": "sha512-UmWLrtuiUZ1RVijxa7k1EKb/akZ5cEy0bzCnan3tKNT8zzEQj5Y46Y4yxhCyf3cNFX02mrEKmoLTiOdlhm1ouQ=="
    }
  }
}
