{
  "name": "whiskey-util",
  "version": "1.0.19",
  "lockfileVersion": 3,
  "requires": true,
  "packages": {
    "": {
      "name": "whiskey-util",
      "version": "1.0.19",
      "license": "ISC",
      "dependencies": {
        "whiskey-log": "^1.0.0"
      }
    },
    "node_modules/whiskey-log": {
      "version": "1.1.10",
      "resolved": "https://registry.npmjs.org/whiskey-log/-/whiskey-log-1.1.10.tgz",
      "integrity": "sha512-wuu+VySgL5b9KCRZVaHjgLheW18AiNK40fSZxEH7bORvJjiVAtPjxgAnfBnofcrVet4NyPL1iGHhd+e7NTI1xg=="
    }
  }
}
